
Microsoft Visual Studio Solution File, Format Version 12.00
# Visual Studio Version 17
VisualStudioVersion = 17.1.32421.90
MinimumVisualStudioVersion = 10.0.40219.1
Project("{FAE04EC0-301F-11D3-BF4B-00C04F79EFBC}") = "Aula03b", "Aula03b\Aula03b.csproj", "{EC157B78-4657-4265-9BD9-9B02C162622E}"
EndProject
Global
	GlobalSection(SolutionConfigurationPlatforms) = preSolution
		Debug|Any CPU = Debug|Any CPU
		Release|Any CPU = Release|Any CPU
	EndGlobalSection
	GlobalSection(ProjectConfigurationPlatforms) = postSolution
		{EC157B78-4657-4265-9BD9-9B02C162622E}.Debug|Any CPU.ActiveCfg = Debug|Any CPU
		{EC157B78-4657-4265-9BD9-9B02C162622E}.Debug|Any CPU.Build.0 = Debug|Any CPU
		{EC157B78-4657-4265-9BD9-9B02C162622E}.Release|Any CPU.ActiveCfg = Release|Any CPU
		{EC157B78-4657-4265-9BD9-9B02C162622E}.Release|Any CPU.Build.0 = Release|Any CPU
	EndGlobalSection
	GlobalSection(SolutionProperties) = preSolution
		HideSolutionNode = FALSE
	EndGlobalSection
	GlobalSection(ExtensibilityGlobals) = postSolution
		SolutionGuid = {45E2388C-625A-49D8-BF9A-0EBBE140B5FE}
	EndGlobalSection
EndGlobal
