
Microsoft Visual Studio Solution File, Format Version 12.00
# Visual Studio Version 17
VisualStudioVersion = 17.1.32421.90
MinimumVisualStudioVersion = 10.0.40219.1
Project("{FAE04EC0-301F-11D3-BF4B-00C04F79EFBC}") = "Exercicio01", "Exercicio01\Exercicio01.csproj", "{81A2C9CB-37EA-46CB-B48A-BE1911302A78}"
EndProject
Global
	GlobalSection(SolutionConfigurationPlatforms) = preSolution
		Debug|Any CPU = Debug|Any CPU
		Release|Any CPU = Release|Any CPU
	EndGlobalSection
	GlobalSection(ProjectConfigurationPlatforms) = postSolution
		{81A2C9CB-37EA-46CB-B48A-BE1911302A78}.Debug|Any CPU.ActiveCfg = Debug|Any CPU
		{81A2C9CB-37EA-46CB-B48A-BE1911302A78}.Debug|Any CPU.Build.0 = Debug|Any CPU
		{81A2C9CB-37EA-46CB-B48A-BE1911302A78}.Release|Any CPU.ActiveCfg = Release|Any CPU
		{81A2C9CB-37EA-46CB-B48A-BE1911302A78}.Release|Any CPU.Build.0 = Release|Any CPU
	EndGlobalSection
	GlobalSection(SolutionProperties) = preSolution
		HideSolutionNode = FALSE
	EndGlobalSection
	GlobalSection(ExtensibilityGlobals) = postSolution
		SolutionGuid = {DE515396-48EE-4A87-ACB2-27E0CDA9E8B4}
	EndGlobalSection
EndGlobal
