
Microsoft Visual Studio Solution File, Format Version 12.00
# Visual Studio Version 17
VisualStudioVersion = 17.1.32421.90
MinimumVisualStudioVersion = 10.0.40219.1
Project("{FAE04EC0-301F-11D3-BF4B-00C04F79EFBC}") = "Aula06a", "Aula06a\Aula06a.csproj", "{2E2AFBC3-216D-43DE-8F4D-42843238FCE5}"
EndProject
Global
	GlobalSection(SolutionConfigurationPlatforms) = preSolution
		Debug|Any CPU = Debug|Any CPU
		Release|Any CPU = Release|Any CPU
	EndGlobalSection
	GlobalSection(ProjectConfigurationPlatforms) = postSolution
		{2E2AFBC3-216D-43DE-8F4D-42843238FCE5}.Debug|Any CPU.ActiveCfg = Debug|Any CPU
		{2E2AFBC3-216D-43DE-8F4D-42843238FCE5}.Debug|Any CPU.Build.0 = Debug|Any CPU
		{2E2AFBC3-216D-43DE-8F4D-42843238FCE5}.Release|Any CPU.ActiveCfg = Release|Any CPU
		{2E2AFBC3-216D-43DE-8F4D-42843238FCE5}.Release|Any CPU.Build.0 = Release|Any CPU
	EndGlobalSection
	GlobalSection(SolutionProperties) = preSolution
		HideSolutionNode = FALSE
	EndGlobalSection
	GlobalSection(ExtensibilityGlobals) = postSolution
		SolutionGuid = {6457D2B7-AC56-4C4C-AF1D-2900739FEA87}
	EndGlobalSection
EndGlobal
