
Microsoft Visual Studio Solution File, Format Version 12.00
# Visual Studio Version 17
VisualStudioVersion = 17.1.32421.90
MinimumVisualStudioVersion = 10.0.40219.1
Project("{FAE04EC0-301F-11D3-BF4B-00C04F79EFBC}") = "Aula02a", "Aula02a\Aula02a.csproj", "{E087A53C-2608-4040-A61F-6CA6624144D9}"
EndProject
Global
	GlobalSection(SolutionConfigurationPlatforms) = preSolution
		Debug|Any CPU = Debug|Any CPU
		Release|Any CPU = Release|Any CPU
	EndGlobalSection
	GlobalSection(ProjectConfigurationPlatforms) = postSolution
		{E087A53C-2608-4040-A61F-6CA6624144D9}.Debug|Any CPU.ActiveCfg = Debug|Any CPU
		{E087A53C-2608-4040-A61F-6CA6624144D9}.Debug|Any CPU.Build.0 = Debug|Any CPU
		{E087A53C-2608-4040-A61F-6CA6624144D9}.Release|Any CPU.ActiveCfg = Release|Any CPU
		{E087A53C-2608-4040-A61F-6CA6624144D9}.Release|Any CPU.Build.0 = Release|Any CPU
	EndGlobalSection
	GlobalSection(SolutionProperties) = preSolution
		HideSolutionNode = FALSE
	EndGlobalSection
	GlobalSection(ExtensibilityGlobals) = postSolution
		SolutionGuid = {EEE25BBF-7C5D-480E-8419-31B2790D1EC2}
	EndGlobalSection
EndGlobal
